{
  "name": "api-interfaces",
  "version": "0.1.0",
  "lockfileVersion": 2,
  "requires": true,
  "packages": {
    "": {
      "name": "api-interfaces",
      "version": "0.1.0",
      "devDependencies": {
        "@bufbuild/buf": "^1.18.0-1"
      }
    },
    "node_modules/@bufbuild/buf": {
      "version": "1.18.0-1",
      "resolved": "https://registry.npmjs.org/@bufbuild/buf/-/buf-1.18.0-1.tgz",
      "integrity": "sha512-Js6BEbjsfM+aFo2bUxfTs0B4htDbjWCKZ8+FHV6YYqiVsin6NGGQsXblJxwt4+16HLfSnrf41RRnwUaBwHqBzQ==",
      "dev": true,
      "hasInstallScript": true,
      "bin": {
        "buf": "bin/buf",
        "protoc-gen-buf-breaking": "bin/protoc-gen-buf-breaking",
        "protoc-gen-buf-lint": "bin/protoc-gen-buf-lint"
      },
      "engines": {
        "node": ">=12"
      },
      "optionalDependencies": {
        "@bufbuild/buf-darwin-arm64": "1.18.0-1",
        "@bufbuild/buf-darwin-x64": "1.18.0-1",
        "@bufbuild/buf-linux-aarch64": "1.18.0-1",
        "@bufbuild/buf-linux-x64": "1.18.0-1",
        "@bufbuild/buf-win32-arm64": "1.18.0-1",
        "@bufbuild/buf-win32-x64": "1.18.0-1"
      }
    },
    "node_modules/@bufbuild/buf-darwin-arm64": {
      "version": "1.18.0-1",
      "resolved": "https://registry.npmjs.org/@bufbuild/buf-darwin-arm64/-/buf-darwin-arm64-1.18.0-1.tgz",
      "integrity": "sha512-4iFChDoXAiuMZQoXpJoCSvCkcT7p1fmsY2N/+wTdODQbXAwqR8vQz19FPR2Jv5ukhd44LUi43nFsyQ2dWmeZeA==",
      "cpu": [
        "arm64"
      ],
      "dev": true,
      "optional": true,
      "os": [
        "darwin"
      ],
      "engines": {
        "node": ">=12"
      }
    },
    "node_modules/@bufbuild/buf-darwin-x64": {
      "version": "1.18.0-1",
      "resolved": "https://registry.npmjs.org/@bufbuild/buf-darwin-x64/-/buf-darwin-x64-1.18.0-1.tgz",
      "integrity": "sha512-tuOnoCqFaUOj9dBuubEve5XGNkjL+zeCW7ETNgmArUlQobEkL2Fza5mi5Fqt90Ommfj1xpc4vaeNz1oSuU3dTw==",
      "cpu": [
        "x64"
      ],
      "dev": true,
      "optional": true,
      "os": [
        "darwin"
      ],
      "engines": {
        "node": ">=12"
      }
    },
    "node_modules/@bufbuild/buf-linux-aarch64": {
      "version": "1.18.0-1",
      "resolved": "https://registry.npmjs.org/@bufbuild/buf-linux-aarch64/-/buf-linux-aarch64-1.18.0-1.tgz",
      "integrity": "sha512-QdYp89hlLVPPZYlaeVhE0swk5Ygncij1avVmvLQw99+lvaFlDu9zRQ0Jo7n1VjpZWdDhUd/thYWxSqSMJYLajA==",
      "cpu": [
        "arm64"
      ],
      "dev": true,
      "optional": true,
      "os": [
        "linux"
      ],
      "engines": {
        "node": ">=12"
      }
    },
    "node_modules/@bufbuild/buf-linux-x64": {
      "version": "1.18.0-1",
      "resolved": "https://registry.npmjs.org/@bufbuild/buf-linux-x64/-/buf-linux-x64-1.18.0-1.tgz",
      "integrity": "sha512-9a6xv+OsYjhg5f1WHDtoXJVxG2j6awFi5cx9dkCPMODvFsll7skkwfkDngxKkibNU0aY6TxLoQXdf77eQwIWtQ==",
      "cpu": [
        "x64"
      ],
      "dev": true,
      "optional": true,
      "os": [
        "linux"
      ],
      "engines": {
        "node": ">=12"
      }
    },
    "node_modules/@bufbuild/buf-win32-arm64": {
      "version": "1.18.0-1",
      "resolved": "https://registry.npmjs.org/@bufbuild/buf-win32-arm64/-/buf-win32-arm64-1.18.0-1.tgz",
      "integrity": "sha512-UP6KevD0cdxa4IJcDy31KC9sIIgxCWBP/K9uW+gBDLg2cNQBtVqlN8o65PJhsl9HB+p0/Y4pDi4i/jU8dXGH8g==",
      "cpu": [
        "arm64"
      ],
      "dev": true,
      "optional": true,
      "os": [
        "win32"
      ],
      "engines": {
        "node": ">=12"
      }
    },
    "node_modules/@bufbuild/buf-win32-x64": {
      "version": "1.18.0-1",
      "resolved": "https://registry.npmjs.org/@bufbuild/buf-win32-x64/-/buf-win32-x64-1.18.0-1.tgz",
      "integrity": "sha512-4OVbTwbQ1ZHGtITJw7hXYP2HinCWn3PN1ewCU+SCvynJTQ8vXQuVNlKZ2EmGl6aTUWdF3mSL/WPsRiG3fXhxfg==",
      "cpu": [
        "x64"
      ],
      "dev": true,
      "optional": true,
      "os": [
        "win32"
      ],
      "engines": {
        "node": ">=12"
      }
    }
  },
  "dependencies": {
    "@bufbuild/buf": {
      "version": "1.18.0-1",
      "resolved": "https://registry.npmjs.org/@bufbuild/buf/-/buf-1.18.0-1.tgz",
      "integrity": "sha512-Js6BEbjsfM+aFo2bUxfTs0B4htDbjWCKZ8+FHV6YYqiVsin6NGGQsXblJxwt4+16HLfSnrf41RRnwUaBwHqBzQ==",
      "dev": true,
      "requires": {
        "@bufbuild/buf-darwin-arm64": "1.18.0-1",
        "@bufbuild/buf-darwin-x64": "1.18.0-1",
        "@bufbuild/buf-linux-aarch64": "1.18.0-1",
        "@bufbuild/buf-linux-x64": "1.18.0-1",
        "@bufbuild/buf-win32-arm64": "1.18.0-1",
        "@bufbuild/buf-win32-x64": "1.18.0-1"
      }
    },
    "@bufbuild/buf-darwin-arm64": {
      "version": "1.18.0-1",
      "resolved": "https://registry.npmjs.org/@bufbuild/buf-darwin-arm64/-/buf-darwin-arm64-1.18.0-1.tgz",
      "integrity": "sha512-4iFChDoXAiuMZQoXpJoCSvCkcT7p1fmsY2N/+wTdODQbXAwqR8vQz19FPR2Jv5ukhd44LUi43nFsyQ2dWmeZeA==",
      "dev": true,
      "optional": true
    },
    "@bufbuild/buf-darwin-x64": {
      "version": "1.18.0-1",
      "resolved": "https://registry.npmjs.org/@bufbuild/buf-darwin-x64/-/buf-darwin-x64-1.18.0-1.tgz",
      "integrity": "sha512-tuOnoCqFaUOj9dBuubEve5XGNkjL+zeCW7ETNgmArUlQobEkL2Fza5mi5Fqt90Ommfj1xpc4vaeNz1oSuU3dTw==",
      "dev": true,
      "optional": true
    },
    "@bufbuild/buf-linux-aarch64": {
      "version": "1.18.0-1",
      "resolved": "https://registry.npmjs.org/@bufbuild/buf-linux-aarch64/-/buf-linux-aarch64-1.18.0-1.tgz",
      "integrity": "sha512-QdYp89hlLVPPZYlaeVhE0swk5Ygncij1avVmvLQw99+lvaFlDu9zRQ0Jo7n1VjpZWdDhUd/thYWxSqSMJYLajA==",
      "dev": true,
      "optional": true
    },
    "@bufbuild/buf-linux-x64": {
      "version": "1.18.0-1",
      "resolved": "https://registry.npmjs.org/@bufbuild/buf-linux-x64/-/buf-linux-x64-1.18.0-1.tgz",
      "integrity": "sha512-9a6xv+OsYjhg5f1WHDtoXJVxG2j6awFi5cx9dkCPMODvFsll7skkwfkDngxKkibNU0aY6TxLoQXdf77eQwIWtQ==",
      "dev": true,
      "optional": true
    },
    "@bufbuild/buf-win32-arm64": {
      "version": "1.18.0-1",
      "resolved": "https://registry.npmjs.org/@bufbuild/buf-win32-arm64/-/buf-win32-arm64-1.18.0-1.tgz",
      "integrity": "sha512-UP6KevD0cdxa4IJcDy31KC9sIIgxCWBP/K9uW+gBDLg2cNQBtVqlN8o65PJhsl9HB+p0/Y4pDi4i/jU8dXGH8g==",
      "dev": true,
      "optional": true
    },
    "@bufbuild/buf-win32-x64": {
      "version": "1.18.0-1",
      "resolved": "https://registry.npmjs.org/@bufbuild/buf-win32-x64/-/buf-win32-x64-1.18.0-1.tgz",
      "integrity": "sha512-4OVbTwbQ1ZHGtITJw7hXYP2HinCWn3PN1ewCU+SCvynJTQ8vXQuVNlKZ2EmGl6aTUWdF3mSL/WPsRiG3fXhxfg==",
      "dev": true,
      "optional": true
    }
  }
}
